
Microsoft Visual Studio Solution File, Format Version 12.00
# Visual Studio Version 17
VisualStudioVersion = 17.3.32901.215
MinimumVisualStudioVersion = 10.0.40219.1
Project("{FAE04EC0-301F-11D3-BF4B-00C04F79EFBC}") = "FunctionsApp", "FunctionsApp\FunctionsApp.csproj", "{420729A4-3653-4E97-915B-350FDBF7729E}"
EndProject
Project("{FAE04EC0-301F-11D3-BF4B-00C04F79EFBC}") = "DAL", "DAL\DAL.csproj", "{FDC1A1E8-473E-46F6-B421-7FC6FE674802}"
EndProject
Project("{FAE04EC0-301F-11D3-BF4B-00C04F79EFBC}") = "Domain", "Domain\Domain.csproj", "{9F515E2E-1AF2-4182-97E5-35B8D77B54D6}"
EndProject
Project("{FAE04EC0-301F-11D3-BF4B-00C04F79EFBC}") = "IsolatedFunctions", "IsolatedFunctions\IsolatedFunctions.csproj", "{FE1C5080-CBEA-458C-8839-7135BE2433EF}"
EndProject
Project("{FAE04EC0-301F-11D3-BF4B-00C04F79EFBC}") = "InnovationGameTests", "InnovationGameTests\InnovationGameTests.csproj", "{8A1CB117-1FB8-4286-BD87-CE638F344966}"
EndProject
Project("{FAE04EC0-301F-11D3-BF4B-00C04F79EFBC}") = "Services", "Services\Services.csproj", "{625C6AD1-AE2E-449D-B1D7-6D956C668255}"
EndProject
Global
	GlobalSection(SolutionConfigurationPlatforms) = preSolution
		Debug|Any CPU = Debug|Any CPU
		Release|Any CPU = Release|Any CPU
	EndGlobalSection
	GlobalSection(ProjectConfigurationPlatforms) = postSolution
		{420729A4-3653-4E97-915B-350FDBF7729E}.Debug|Any CPU.ActiveCfg = Debug|Any CPU
		{420729A4-3653-4E97-915B-350FDBF7729E}.Debug|Any CPU.Build.0 = Debug|Any CPU
		{420729A4-3653-4E97-915B-350FDBF7729E}.Release|Any CPU.ActiveCfg = Release|Any CPU
		{420729A4-3653-4E97-915B-350FDBF7729E}.Release|Any CPU.Build.0 = Release|Any CPU
		{FDC1A1E8-473E-46F6-B421-7FC6FE674802}.Debug|Any CPU.ActiveCfg = Debug|Any CPU
		{FDC1A1E8-473E-46F6-B421-7FC6FE674802}.Debug|Any CPU.Build.0 = Debug|Any CPU
		{FDC1A1E8-473E-46F6-B421-7FC6FE674802}.Release|Any CPU.ActiveCfg = Release|Any CPU
		{FDC1A1E8-473E-46F6-B421-7FC6FE674802}.Release|Any CPU.Build.0 = Release|Any CPU
		{9F515E2E-1AF2-4182-97E5-35B8D77B54D6}.Debug|Any CPU.ActiveCfg = Debug|Any CPU
		{9F515E2E-1AF2-4182-97E5-35B8D77B54D6}.Debug|Any CPU.Build.0 = Debug|Any CPU
		{9F515E2E-1AF2-4182-97E5-35B8D77B54D6}.Release|Any CPU.ActiveCfg = Release|Any CPU
		{9F515E2E-1AF2-4182-97E5-35B8D77B54D6}.Release|Any CPU.Build.0 = Release|Any CPU
		{FE1C5080-CBEA-458C-8839-7135BE2433EF}.Debug|Any CPU.ActiveCfg = Debug|Any CPU
		{FE1C5080-CBEA-458C-8839-7135BE2433EF}.Debug|Any CPU.Build.0 = Debug|Any CPU
		{FE1C5080-CBEA-458C-8839-7135BE2433EF}.Release|Any CPU.ActiveCfg = Release|Any CPU
		{FE1C5080-CBEA-458C-8839-7135BE2433EF}.Release|Any CPU.Build.0 = Release|Any CPU
		{8A1CB117-1FB8-4286-BD87-CE638F344966}.Debug|Any CPU.ActiveCfg = Debug|Any CPU
		{8A1CB117-1FB8-4286-BD87-CE638F344966}.Debug|Any CPU.Build.0 = Debug|Any CPU
		{8A1CB117-1FB8-4286-BD87-CE638F344966}.Release|Any CPU.ActiveCfg = Release|Any CPU
		{8A1CB117-1FB8-4286-BD87-CE638F344966}.Release|Any CPU.Build.0 = Release|Any CPU
		{625C6AD1-AE2E-449D-B1D7-6D956C668255}.Debug|Any CPU.ActiveCfg = Debug|Any CPU
		{625C6AD1-AE2E-449D-B1D7-6D956C668255}.Debug|Any CPU.Build.0 = Debug|Any CPU
		{625C6AD1-AE2E-449D-B1D7-6D956C668255}.Release|Any CPU.ActiveCfg = Release|Any CPU
		{625C6AD1-AE2E-449D-B1D7-6D956C668255}.Release|Any CPU.Build.0 = Release|Any CPU
	EndGlobalSection
	GlobalSection(SolutionProperties) = preSolution
		HideSolutionNode = FALSE
	EndGlobalSection
	GlobalSection(ExtensibilityGlobals) = postSolution
		SolutionGuid = {05F3A693-215F-4DB4-B038-8C07CE9A7FE6}
	EndGlobalSection
EndGlobal
